
Microsoft Visual Studio Solution File, Format Version 12.00
# Visual Studio Version 17
VisualStudioVersion = 17.14.36221.1 d17.14
MinimumVisualStudioVersion = 10.0.40219.1
Project("{FAE04EC0-301F-11D3-BF4B-00C04F79EFBC}") = "ChabunGit", "ChabunGit\ChabunGit.csproj", "{B1622316-46DA-4277-8726-346DA5DE8B65}"
EndProject
Global
	GlobalSection(SolutionConfigurationPlatforms) = preSolution
		Debug|Any CPU = Debug|Any CPU
		Release|Any CPU = Release|Any CPU
	EndGlobalSection
	GlobalSection(ProjectConfigurationPlatforms) = postSolution
		{B1622316-46DA-4277-8726-346DA5DE8B65}.Debug|Any CPU.ActiveCfg = Debug|Any CPU
		{B1622316-46DA-4277-8726-346DA5DE8B65}.Debug|Any CPU.Build.0 = Debug|Any CPU
		{B1622316-46DA-4277-8726-346DA5DE8B65}.Release|Any CPU.ActiveCfg = Release|Any CPU
		{B1622316-46DA-4277-8726-346DA5DE8B65}.Release|Any CPU.Build.0 = Release|Any CPU
	EndGlobalSection
	GlobalSection(SolutionProperties) = preSolution
		HideSolutionNode = FALSE
	EndGlobalSection
	GlobalSection(ExtensibilityGlobals) = postSolution
		SolutionGuid = {A5931FAC-D904-4A32-AAC3-E12672654F3E}
	EndGlobalSection
EndGlobal
